
Microsoft Visual Studio Solution File, Format Version 12.00
# Visual Studio Version 16
VisualStudioVersion = 25.0.1705.4
MinimumVisualStudioVersion = 10.0.40219.1
Project("{FAE04EC0-301F-11D3-BF4B-00C04F79EFBC}") = "KakaoMapTest", "KakaoMapTest\KakaoMapTest.csproj", "{5BEFA6DD-9D79-4C86-96FF-7AC33CA64495}"
EndProject
Project("{FAE04EC0-301F-11D3-BF4B-00C04F79EFBC}") = "KakaoMapBlazor", "..\..\KakaoMapBlazor\KakaoMapBlazor\KakaoMapBlazor.csproj", "{49D6B62A-7B82-4A36-AAE3-C4549BA478C6}"
EndProject
Global
	GlobalSection(SolutionConfigurationPlatforms) = preSolution
		Debug|Any CPU = Debug|Any CPU
		Release|Any CPU = Release|Any CPU
	EndGlobalSection
	GlobalSection(ProjectConfigurationPlatforms) = postSolution
		{5BEFA6DD-9D79-4C86-96FF-7AC33CA64495}.Debug|Any CPU.ActiveCfg = Debug|Any CPU
		{5BEFA6DD-9D79-4C86-96FF-7AC33CA64495}.Debug|Any CPU.Build.0 = Debug|Any CPU
		{5BEFA6DD-9D79-4C86-96FF-7AC33CA64495}.Release|Any CPU.ActiveCfg = Release|Any CPU
		{5BEFA6DD-9D79-4C86-96FF-7AC33CA64495}.Release|Any CPU.Build.0 = Release|Any CPU
		{49D6B62A-7B82-4A36-AAE3-C4549BA478C6}.Debug|Any CPU.ActiveCfg = Debug|Any CPU
		{49D6B62A-7B82-4A36-AAE3-C4549BA478C6}.Debug|Any CPU.Build.0 = Debug|Any CPU
		{49D6B62A-7B82-4A36-AAE3-C4549BA478C6}.Release|Any CPU.ActiveCfg = Release|Any CPU
		{49D6B62A-7B82-4A36-AAE3-C4549BA478C6}.Release|Any CPU.Build.0 = Release|Any CPU
	EndGlobalSection
	GlobalSection(SolutionProperties) = preSolution
		HideSolutionNode = FALSE
	EndGlobalSection
	GlobalSection(ExtensibilityGlobals) = postSolution
		SolutionGuid = {2BC0D69B-875B-4C2D-AAA0-6B823ADBFBA9}
	EndGlobalSection
EndGlobal
