
Microsoft Visual Studio Solution File, Format Version 12.00
# Visual Studio Version 17
VisualStudioVersion = 17.1.32210.238
MinimumVisualStudioVersion = 10.0.40219.1
Project("{9A19103F-16F7-4668-BE54-9A1E7A4F7556}") = "KakaoMapBlazor", "KakaoMapBlazor\KakaoMapBlazor.csproj", "{AF5F37BC-D935-4806-8363-60A4631F4129}"
EndProject
Global
	GlobalSection(SolutionConfigurationPlatforms) = preSolution
		Debug|Any CPU = Debug|Any CPU
		Release|Any CPU = Release|Any CPU
	EndGlobalSection
	GlobalSection(ProjectConfigurationPlatforms) = postSolution
		{AF5F37BC-D935-4806-8363-60A4631F4129}.Debug|Any CPU.ActiveCfg = Debug|Any CPU
		{AF5F37BC-D935-4806-8363-60A4631F4129}.Debug|Any CPU.Build.0 = Debug|Any CPU
		{AF5F37BC-D935-4806-8363-60A4631F4129}.Release|Any CPU.ActiveCfg = Release|Any CPU
		{AF5F37BC-D935-4806-8363-60A4631F4129}.Release|Any CPU.Build.0 = Release|Any CPU
	EndGlobalSection
	GlobalSection(SolutionProperties) = preSolution
		HideSolutionNode = FALSE
	EndGlobalSection
	GlobalSection(ExtensibilityGlobals) = postSolution
		SolutionGuid = {09641071-09EC-4E4A-BCA6-D3BCA2C30920}
	EndGlobalSection
EndGlobal
